// !$*UTF8*$!
{
	archiveVersion = 1;
	classes = {
	};
	objectVersion = 77;
	objects = {

/* Begin PBXBuildFile section */
		11D9BD313BA5D499ACB55CDA /* CurrencyConverterTests.swift in Sources */ = {isa = PBXBuildFile; fileRef = DB8E902C9D7251D0A1324EC8 /* CurrencyConverterTests.swift */; };
		2EA716C62F8D75AB003DF5C9 /* ConversionRateTable.swift in Sources */ = {isa = PBXBuildFile; fileRef = 2EA716BD2F8D75AB003DF5C9 /* ConversionRateTable.swift */; };
		2EA716C72F8D75AB003DF5C9 /* DiskRateCache.swift in Sources */ = {isa = PBXBuildFile; fileRef = 2EA716BA2F8D75AB003DF5C9 /* DiskRateCache.swift */; };
		2EA716C82F8D75AB003DF5C9 /* FrankfurterExchangeRateProvider.swift in Sources */ = {isa = PBXBuildFile; fileRef = 2EA716B72F8D75AB003DF5C9 /* FrankfurterExchangeRateProvider.swift */; };
		2EA716C92F8D75AB003DF5C9 /* Currency+All.swift in Sources */ = {isa = PBXBuildFile; fileRef = 2EA716C32F8D75AB003DF5C9 /* Currency+All.swift */; };
		2EA716CA2F8D75AB003DF5C9 /* ExchangeRateProvider.swift in Sources */ = {isa = PBXBuildFile; fileRef = 2EA716BF2F8D75AB003DF5C9 /* ExchangeRateProvider.swift */; };
		2EA716CB2F8D75AB003DF5C9 /* RateCache.swift in Sources */ = {isa = PBXBuildFile; fileRef = 2EA716C02F8D75AB003DF5C9 /* RateCache.swift */; };
		2EA716CC2F8D75AB003DF5C9 /* Currency.swift in Sources */ = {isa = PBXBuildFile; fileRef = 2EA716C22F8D75AB003DF5C9 /* Currency.swift */; };
		2EA716CD2F8D75AB003DF5C9 /* LocalExchangeRateProvider.swift in Sources */ = {isa = PBXBuildFile; fileRef = 2EA716B82F8D75AB003DF5C9 /* LocalExchangeRateProvider.swift */; };
		2EA716CE2F8D75AB003DF5C9 /* CurrencyConverter.swift in Sources */ = {isa = PBXBuildFile; fileRef = 2EA716BE2F8D75AB003DF5C9 /* CurrencyConverter.swift */; };
		2EA716CF2F8D75AB003DF5C9 /* ExchangeRateError.swift in Sources */ = {isa = PBXBuildFile; fileRef = 2EA716C42F8D75AB003DF5C9 /* ExchangeRateError.swift */; };
		2EA716D02F8D75AB003DF5C9 /* InMemoryRateCache.swift in Sources */ = {isa = PBXBuildFile; fileRef = 2EA716BB2F8D75AB003DF5C9 /* InMemoryRateCache.swift */; };
		488E3059238F886598A1A10A /* SwiftCurrency.framework in Embed Frameworks */ = {isa = PBXBuildFile; fileRef = AB27007FA6EAB22AEB7A489E /* SwiftCurrency.framework */; settings = {ATTRIBUTES = (CodeSignOnCopy, RemoveHeadersOnCopy, ); }; };
		48AC2D8D4C4B221F98B6DF32 /* RateCacheTests.swift in Sources */ = {isa = PBXBuildFile; fileRef = 9D4C23D3A3251F4005BA326A /* RateCacheTests.swift */; };
		8BA569FA418BC78EDDA1B48C /* SwiftCurrencyTests.swift in Sources */ = {isa = PBXBuildFile; fileRef = 4512E9FDA03DF5BDCEB482B5 /* SwiftCurrencyTests.swift */; };
		E3C6ADA839C9E52F92881C17 /* FrankfurterProviderTests.swift in Sources */ = {isa = PBXBuildFile; fileRef = C56FB5AEC6192DD22839F91F /* FrankfurterProviderTests.swift */; };
		FB5DD27923F2D1F208BD6D0E /* SwiftCurrency.framework in Frameworks */ = {isa = PBXBuildFile; fileRef = AB27007FA6EAB22AEB7A489E /* SwiftCurrency.framework */; };
/* End PBXBuildFile section */

/* Begin PBXContainerItemProxy section */
		610F5884A413C5D458136CEE /* PBXContainerItemProxy */ = {
			isa = PBXContainerItemProxy;
			containerPortal = 25EECF8D894267B4069A98DB /* Project object */;
			proxyType = 1;
			remoteGlobalIDString = 8982EF43512B96BCEEDB1BE7;
			remoteInfo = SwiftCurrency;
		};
/* End PBXContainerItemProxy section */

/* Begin PBXCopyFilesBuildPhase section */
		2EDB1329AC4AF5E27146364B /* Embed Frameworks */ = {
			isa = PBXCopyFilesBuildPhase;
			buildActionMask = 2147483647;
			dstPath = "";
			dstSubfolderSpec = 10;
			files = (
				488E3059238F886598A1A10A /* SwiftCurrency.framework in Embed Frameworks */,
			);
			name = "Embed Frameworks";
			runOnlyForDeploymentPostprocessing = 0;
		};
/* End PBXCopyFilesBuildPhase section */

/* Begin PBXFileReference section */
		2EA716B72F8D75AB003DF5C9 /* FrankfurterExchangeRateProvider.swift */ = {isa = PBXFileReference; lastKnownFileType = sourcecode.swift; path = FrankfurterExchangeRateProvider.swift; sourceTree = "<group>"; };
		2EA716B82F8D75AB003DF5C9 /* LocalExchangeRateProvider.swift */ = {isa = PBXFileReference; lastKnownFileType = sourcecode.swift; path = LocalExchangeRateProvider.swift; sourceTree = "<group>"; };
		2EA716BA2F8D75AB003DF5C9 /* DiskRateCache.swift */ = {isa = PBXFileReference; lastKnownFileType = sourcecode.swift; path = DiskRateCache.swift; sourceTree = "<group>"; };
		2EA716BB2F8D75AB003DF5C9 /* InMemoryRateCache.swift */ = {isa = PBXFileReference; lastKnownFileType = sourcecode.swift; path = InMemoryRateCache.swift; sourceTree = "<group>"; };
		2EA716BD2F8D75AB003DF5C9 /* ConversionRateTable.swift */ = {isa = PBXFileReference; lastKnownFileType = sourcecode.swift; path = ConversionRateTable.swift; sourceTree = "<group>"; };
		2EA716BE2F8D75AB003DF5C9 /* CurrencyConverter.swift */ = {isa = PBXFileReference; lastKnownFileType = sourcecode.swift; path = CurrencyConverter.swift; sourceTree = "<group>"; };
		2EA716BF2F8D75AB003DF5C9 /* ExchangeRateProvider.swift */ = {isa = PBXFileReference; lastKnownFileType = sourcecode.swift; path = ExchangeRateProvider.swift; sourceTree = "<group>"; };
		2EA716C02F8D75AB003DF5C9 /* RateCache.swift */ = {isa = PBXFileReference; lastKnownFileType = sourcecode.swift; path = RateCache.swift; sourceTree = "<group>"; };
		2EA716C22F8D75AB003DF5C9 /* Currency.swift */ = {isa = PBXFileReference; lastKnownFileType = sourcecode.swift; path = Currency.swift; sourceTree = "<group>"; };
		2EA716C32F8D75AB003DF5C9 /* Currency+All.swift */ = {isa = PBXFileReference; lastKnownFileType = sourcecode.swift; path = "Currency+All.swift"; sourceTree = "<group>"; };
		2EA716C42F8D75AB003DF5C9 /* ExchangeRateError.swift */ = {isa = PBXFileReference; lastKnownFileType = sourcecode.swift; path = ExchangeRateError.swift; sourceTree = "<group>"; };
		4512E9FDA03DF5BDCEB482B5 /* SwiftCurrencyTests.swift */ = {isa = PBXFileReference; lastKnownFileType = sourcecode.swift; path = SwiftCurrencyTests.swift; sourceTree = "<group>"; };
		9D4C23D3A3251F4005BA326A /* RateCacheTests.swift */ = {isa = PBXFileReference; lastKnownFileType = sourcecode.swift; path = RateCacheTests.swift; sourceTree = "<group>"; };
		AB27007FA6EAB22AEB7A489E /* SwiftCurrency.framework */ = {isa = PBXFileReference; explicitFileType = wrapper.framework; includeInIndex = 0; path = SwiftCurrency.framework; sourceTree = BUILT_PRODUCTS_DIR; };
		B842031D32B5C67B329499F6 /* SwiftCurrencyTests.xctest */ = {isa = PBXFileReference; explicitFileType = wrapper.cfbundle; includeInIndex = 0; path = SwiftCurrencyTests.xctest; sourceTree = BUILT_PRODUCTS_DIR; };
		C56FB5AEC6192DD22839F91F /* FrankfurterProviderTests.swift */ = {isa = PBXFileReference; lastKnownFileType = sourcecode.swift; path = FrankfurterProviderTests.swift; sourceTree = "<group>"; };
		DB8E902C9D7251D0A1324EC8 /* CurrencyConverterTests.swift */ = {isa = PBXFileReference; lastKnownFileType = sourcecode.swift; path = CurrencyConverterTests.swift; sourceTree = "<group>"; };
/* End PBXFileReference section */

/* Begin PBXFrameworksBuildPhase section */
		144465FDD145B18B33A2848E /* Frameworks */ = {
			isa = PBXFrameworksBuildPhase;
			buildActionMask = 2147483647;
			files = (
				FB5DD27923F2D1F208BD6D0E /* SwiftCurrency.framework in Frameworks */,
			);
			runOnlyForDeploymentPostprocessing = 0;
		};
/* End PBXFrameworksBuildPhase section */

/* Begin PBXGroup section */
		2EA716B92F8D75AB003DF5C9 /* RateCache */ = {
			isa = PBXGroup;
			children = (
				2EA716B72F8D75AB003DF5C9 /* FrankfurterExchangeRateProvider.swift */,
				2EA716B82F8D75AB003DF5C9 /* LocalExchangeRateProvider.swift */,
			);
			path = RateCache;
			sourceTree = "<group>";
		};
		2EA716BC2F8D75AB003DF5C9 /* ExchangeRateProvider */ = {
			isa = PBXGroup;
			children = (
				2EA716BA2F8D75AB003DF5C9 /* DiskRateCache.swift */,
				2EA716BB2F8D75AB003DF5C9 /* InMemoryRateCache.swift */,
			);
			path = ExchangeRateProvider;
			sourceTree = "<group>";
		};
		2EA716C12F8D75AB003DF5C9 /* CurrencyConverter */ = {
			isa = PBXGroup;
			children = (
				2EA716BE2F8D75AB003DF5C9 /* CurrencyConverter.swift */,
				2EA716BD2F8D75AB003DF5C9 /* ConversionRateTable.swift */,
				2EA716B92F8D75AB003DF5C9 /* RateCache */,
				2EA716C02F8D75AB003DF5C9 /* RateCache.swift */,
				2EA716BC2F8D75AB003DF5C9 /* ExchangeRateProvider */,
				2EA716BF2F8D75AB003DF5C9 /* ExchangeRateProvider.swift */,
			);
			path = CurrencyConverter;
			sourceTree = "<group>";
		};
		2EA716C52F8D75AB003DF5C9 /* SwiftCurrency */ = {
			isa = PBXGroup;
			children = (
				2EA716C22F8D75AB003DF5C9 /* Currency.swift */,
				2EA716C32F8D75AB003DF5C9 /* Currency+All.swift */,
				2EA716C42F8D75AB003DF5C9 /* ExchangeRateError.swift */,
				2EA716C12F8D75AB003DF5C9 /* CurrencyConverter */,
			);
			path = SwiftCurrency;
			sourceTree = "<group>";
		};
		53D2DBF6538388AFE060EE43 = {
			isa = PBXGroup;
			children = (
				2EA716C52F8D75AB003DF5C9 /* SwiftCurrency */,
				57FDAD0B7D666E7125DBAF4A /* SwiftCurrencyTests */,
				E782B427A8BFD211DF6AB9F0 /* Products */,
			);
			sourceTree = "<group>";
		};
		57FDAD0B7D666E7125DBAF4A /* SwiftCurrencyTests */ = {
			isa = PBXGroup;
			children = (
				C56FB5AEC6192DD22839F91F /* FrankfurterProviderTests.swift */,
				DB8E902C9D7251D0A1324EC8 /* CurrencyConverterTests.swift */,
				9D4C23D3A3251F4005BA326A /* RateCacheTests.swift */,
				4512E9FDA03DF5BDCEB482B5 /* SwiftCurrencyTests.swift */,
			);
			name = SwiftCurrencyTests;
			path = Tests/SwiftCurrencyTests;
			sourceTree = "<group>";
		};
		E782B427A8BFD211DF6AB9F0 /* Products */ = {
			isa = PBXGroup;
			children = (
				AB27007FA6EAB22AEB7A489E /* SwiftCurrency.framework */,
				B842031D32B5C67B329499F6 /* SwiftCurrencyTests.xctest */,
			);
			name = Products;
			sourceTree = "<group>";
		};
/* End PBXGroup section */

/* Begin PBXNativeTarget section */
		28557B1A0A14B77CB62F010E /* SwiftCurrencyTests */ = {
			isa = PBXNativeTarget;
			buildConfigurationList = C9833351F8AAC0A0801FC127 /* Build configuration list for PBXNativeTarget "SwiftCurrencyTests" */;
			buildPhases = (
				CE320A1442EA6A440029A129 /* Sources */,
				144465FDD145B18B33A2848E /* Frameworks */,
				2EDB1329AC4AF5E27146364B /* Embed Frameworks */,
			);
			buildRules = (
			);
			dependencies = (
				ECE59394CBAEE6042723285B /* PBXTargetDependency */,
			);
			name = SwiftCurrencyTests;
			packageProductDependencies = (
			);
			productName = SwiftCurrencyTests;
			productReference = B842031D32B5C67B329499F6 /* SwiftCurrencyTests.xctest */;
			productType = "com.apple.product-type.bundle.unit-test";
		};
		8982EF43512B96BCEEDB1BE7 /* SwiftCurrency */ = {
			isa = PBXNativeTarget;
			buildConfigurationList = A41AB0CF6259E789E460F6D6 /* Build configuration list for PBXNativeTarget "SwiftCurrency" */;
			buildPhases = (
				1433E4D730C7E0C4303BD8FF /* Sources */,
			);
			buildRules = (
			);
			dependencies = (
			);
			name = SwiftCurrency;
			packageProductDependencies = (
			);
			productName = SwiftCurrency;
			productReference = AB27007FA6EAB22AEB7A489E /* SwiftCurrency.framework */;
			productType = "com.apple.product-type.framework";
		};
/* End PBXNativeTarget section */

/* Begin PBXProject section */
		25EECF8D894267B4069A98DB /* Project object */ = {
			isa = PBXProject;
			attributes = {
				BuildIndependentTargetsInParallel = YES;
				LastUpgradeCheck = 1430;
			};
			buildConfigurationList = B4919607B0E33F6D6502FD95 /* Build configuration list for PBXProject "SwiftCurrency" */;
			developmentRegion = en;
			hasScannedForEncodings = 0;
			knownRegions = (
				Base,
				en,
			);
			mainGroup = 53D2DBF6538388AFE060EE43;
			minimizedProjectReferenceProxies = 1;
			preferredProjectObjectVersion = 77;
			productRefGroup = E782B427A8BFD211DF6AB9F0 /* Products */;
			projectDirPath = "";
			projectRoot = "";
			targets = (
				8982EF43512B96BCEEDB1BE7 /* SwiftCurrency */,
				28557B1A0A14B77CB62F010E /* SwiftCurrencyTests */,
			);
		};
/* End PBXProject section */

/* Begin PBXSourcesBuildPhase section */
		1433E4D730C7E0C4303BD8FF /* Sources */ = {
			isa = PBXSourcesBuildPhase;
			buildActionMask = 2147483647;
			files = (
				2EA716C62F8D75AB003DF5C9 /* ConversionRateTable.swift in Sources */,
				2EA716C72F8D75AB003DF5C9 /* DiskRateCache.swift in Sources */,
				2EA716C82F8D75AB003DF5C9 /* FrankfurterExchangeRateProvider.swift in Sources */,
				2EA716C92F8D75AB003DF5C9 /* Currency+All.swift in Sources */,
				2EA716CA2F8D75AB003DF5C9 /* ExchangeRateProvider.swift in Sources */,
				2EA716CB2F8D75AB003DF5C9 /* RateCache.swift in Sources */,
				2EA716CC2F8D75AB003DF5C9 /* Currency.swift in Sources */,
				2EA716CD2F8D75AB003DF5C9 /* LocalExchangeRateProvider.swift in Sources */,
				2EA716CE2F8D75AB003DF5C9 /* CurrencyConverter.swift in Sources */,
				2EA716CF2F8D75AB003DF5C9 /* ExchangeRateError.swift in Sources */,
				2EA716D02F8D75AB003DF5C9 /* InMemoryRateCache.swift in Sources */,
			);
			runOnlyForDeploymentPostprocessing = 0;
		};
		CE320A1442EA6A440029A129 /* Sources */ = {
			isa = PBXSourcesBuildPhase;
			buildActionMask = 2147483647;
			files = (
				11D9BD313BA5D499ACB55CDA /* CurrencyConverterTests.swift in Sources */,
				E3C6ADA839C9E52F92881C17 /* FrankfurterProviderTests.swift in Sources */,
				48AC2D8D4C4B221F98B6DF32 /* RateCacheTests.swift in Sources */,
				8BA569FA418BC78EDDA1B48C /* SwiftCurrencyTests.swift in Sources */,
			);
			runOnlyForDeploymentPostprocessing = 0;
		};
/* End PBXSourcesBuildPhase section */

/* Begin PBXTargetDependency section */
		ECE59394CBAEE6042723285B /* PBXTargetDependency */ = {
			isa = PBXTargetDependency;
			target = 8982EF43512B96BCEEDB1BE7 /* SwiftCurrency */;
			targetProxy = 610F5884A413C5D458136CEE /* PBXContainerItemProxy */;
		};
/* End PBXTargetDependency section */

/* Begin XCBuildConfiguration section */
		21CE6D6D689DDDB8AC47F590 /* Debug */ = {
			isa = XCBuildConfiguration;
			buildSettings = {
				ALWAYS_SEARCH_USER_PATHS = NO;
				CLANG_ANALYZER_NONNULL = YES;
				CLANG_ANALYZER_NUMBER_OBJECT_CONVERSION = YES_AGGRESSIVE;
				CLANG_CXX_LANGUAGE_STANDARD = "gnu++14";
				CLANG_CXX_LIBRARY = "libc++";
				CLANG_ENABLE_MODULES = YES;
				CLANG_ENABLE_OBJC_ARC = YES;
				CLANG_ENABLE_OBJC_WEAK = YES;
				CLANG_WARN_BLOCK_CAPTURE_AUTORELEASING = YES;
				CLANG_WARN_BOOL_CONVERSION = YES;
				CLANG_WARN_COMMA = YES;
				CLANG_WARN_CONSTANT_CONVERSION = YES;
				CLANG_WARN_DEPRECATED_OBJC_IMPLEMENTATIONS = YES;
				CLANG_WARN_DIRECT_OBJC_ISA_USAGE = YES_ERROR;
				CLANG_WARN_DOCUMENTATION_COMMENTS = YES;
				CLANG_WARN_EMPTY_BODY = YES;
				CLANG_WARN_ENUM_CONVERSION = YES;
				CLANG_WARN_INFINITE_RECURSION = YES;
				CLANG_WARN_INT_CONVERSION = YES;
				CLANG_WARN_NON_LITERAL_NULL_CONVERSION = YES;
				CLANG_WARN_OBJC_IMPLICIT_RETAIN_SELF = YES;
				CLANG_WARN_OBJC_LITERAL_CONVERSION = YES;
				CLANG_WARN_OBJC_ROOT_CLASS = YES_ERROR;
				CLANG_WARN_QUOTED_INCLUDE_IN_FRAMEWORK_HEADER = YES;
				CLANG_WARN_RANGE_LOOP_ANALYSIS = YES;
				CLANG_WARN_STRICT_PROTOTYPES = YES;
				CLANG_WARN_SUSPICIOUS_MOVE = YES;
				CLANG_WARN_UNGUARDED_AVAILABILITY = YES_AGGRESSIVE;
				CLANG_WARN_UNREACHABLE_CODE = YES;
				CLANG_WARN__DUPLICATE_METHOD_MATCH = YES;
				COPY_PHASE_STRIP = NO;
				DEBUG_INFORMATION_FORMAT = dwarf;
				ENABLE_STRICT_OBJC_MSGSEND = YES;
				ENABLE_TESTABILITY = YES;
				GCC_C_LANGUAGE_STANDARD = gnu11;
				GCC_DYNAMIC_NO_PIC = NO;
				GCC_NO_COMMON_BLOCKS = YES;
				GCC_OPTIMIZATION_LEVEL = 0;
				GCC_PREPROCESSOR_DEFINITIONS = (
					"$(inherited)",
					"DEBUG=1",
				);
				GCC_WARN_64_TO_32_BIT_CONVERSION = YES;
				GCC_WARN_ABOUT_RETURN_TYPE = YES_ERROR;
				GCC_WARN_UNDECLARED_SELECTOR = YES;
				GCC_WARN_UNINITIALIZED_AUTOS = YES_AGGRESSIVE;
				GCC_WARN_UNUSED_FUNCTION = YES;
				GCC_WARN_UNUSED_VARIABLE = YES;
				IPHONEOS_DEPLOYMENT_TARGET = 15.0;
				MACOSX_DEPLOYMENT_TARGET = 12.0;
				MTL_ENABLE_DEBUG_INFO = INCLUDE_SOURCE;
				MTL_FAST_MATH = YES;
				ONLY_ACTIVE_ARCH = YES;
				PRODUCT_NAME = "$(TARGET_NAME)";
				SDKROOT = macosx;
				SWIFT_ACTIVE_COMPILATION_CONDITIONS = DEBUG;
				SWIFT_OPTIMIZATION_LEVEL = "-Onone";
				SWIFT_VERSION = 6;
				TVOS_DEPLOYMENT_TARGET = 15.0;
				WATCHOS_DEPLOYMENT_TARGET = 8.0;
			};
			name = Debug;
		};
		246CDE2A4A10D72419594B4E /* Release */ = {
			isa = XCBuildConfiguration;
			buildSettings = {
				BUNDLE_LOADER = "$(TEST_HOST)";
				COMBINE_HIDPI_IMAGES = YES;
				GENERATE_INFOPLIST_FILE = YES;
				LD_RUNPATH_SEARCH_PATHS = (
					"$(inherited)",
					"@executable_path/../Frameworks",
					"@loader_path/../Frameworks",
				);
				PRODUCT_BUNDLE_IDENTIFIER = com.swiftcurrency.tests;
				SDKROOT = macosx;
				SUPPORTED_PLATFORMS = "iphoneos iphonesimulator appletvos appletvsimulator watchos watchsimulator macosx xros xrsimulator";
				SUPPORTS_MACCATALYST = NO;
				SUPPORTS_MAC_DESIGNED_FOR_IPHONE_IPAD = NO;
				SUPPORTS_XR_DESIGNED_FOR_IPHONE_IPAD = YES;
				TARGETED_DEVICE_FAMILY = "1,2,3,4,7";
			};
			name = Release;
		};
		3DCD30E94C39D1AAE238E602 /* Debug */ = {
			isa = XCBuildConfiguration;
			buildSettings = {
				CODE_SIGN_IDENTITY = "";
				COMBINE_HIDPI_IMAGES = YES;
				CURRENT_PROJECT_VERSION = 1;
				DEFINES_MODULE = YES;
				DYLIB_COMPATIBILITY_VERSION = 1;
				DYLIB_CURRENT_VERSION = 1;
				DYLIB_INSTALL_NAME_BASE = "@rpath";
				GENERATE_INFOPLIST_FILE = YES;
				INSTALL_PATH = "$(LOCAL_LIBRARY_DIR)/Frameworks";
				LD_RUNPATH_SEARCH_PATHS = (
					"$(inherited)",
					"@executable_path/../Frameworks",
				);
				PRODUCT_BUNDLE_IDENTIFIER = com.swiftcurrency.core;
				SDKROOT = macosx;
				SKIP_INSTALL = YES;
				SUPPORTED_PLATFORMS = "iphoneos iphonesimulator appletvos appletvsimulator watchos watchsimulator macosx xros xrsimulator";
				SUPPORTS_MACCATALYST = NO;
				SUPPORTS_MAC_DESIGNED_FOR_IPHONE_IPAD = NO;
				SUPPORTS_XR_DESIGNED_FOR_IPHONE_IPAD = YES;
				TARGETED_DEVICE_FAMILY = "1,2,3,4,7";
				VERSIONING_SYSTEM = "apple-generic";
			};
			name = Debug;
		};
		7B8FE082FB96CFF13D58C8FC /* Release */ = {
			isa = XCBuildConfiguration;
			buildSettings = {
				ALWAYS_SEARCH_USER_PATHS = NO;
				CLANG_ANALYZER_NONNULL = YES;
				CLANG_ANALYZER_NUMBER_OBJECT_CONVERSION = YES_AGGRESSIVE;
				CLANG_CXX_LANGUAGE_STANDARD = "gnu++14";
				CLANG_CXX_LIBRARY = "libc++";
				CLANG_ENABLE_MODULES = YES;
				CLANG_ENABLE_OBJC_ARC = YES;
				CLANG_ENABLE_OBJC_WEAK = YES;
				CLANG_WARN_BLOCK_CAPTURE_AUTORELEASING = YES;
				CLANG_WARN_BOOL_CONVERSION = YES;
				CLANG_WARN_COMMA = YES;
				CLANG_WARN_CONSTANT_CONVERSION = YES;
				CLANG_WARN_DEPRECATED_OBJC_IMPLEMENTATIONS = YES;
				CLANG_WARN_DIRECT_OBJC_ISA_USAGE = YES_ERROR;
				CLANG_WARN_DOCUMENTATION_COMMENTS = YES;
				CLANG_WARN_EMPTY_BODY = YES;
				CLANG_WARN_ENUM_CONVERSION = YES;
				CLANG_WARN_INFINITE_RECURSION = YES;
				CLANG_WARN_INT_CONVERSION = YES;
				CLANG_WARN_NON_LITERAL_NULL_CONVERSION = YES;
				CLANG_WARN_OBJC_IMPLICIT_RETAIN_SELF = YES;
				CLANG_WARN_OBJC_LITERAL_CONVERSION = YES;
				CLANG_WARN_OBJC_ROOT_CLASS = YES_ERROR;
				CLANG_WARN_QUOTED_INCLUDE_IN_FRAMEWORK_HEADER = YES;
				CLANG_WARN_RANGE_LOOP_ANALYSIS = YES;
				CLANG_WARN_STRICT_PROTOTYPES = YES;
				CLANG_WARN_SUSPICIOUS_MOVE = YES;
				CLANG_WARN_UNGUARDED_AVAILABILITY = YES_AGGRESSIVE;
				CLANG_WARN_UNREACHABLE_CODE = YES;
				CLANG_WARN__DUPLICATE_METHOD_MATCH = YES;
				COPY_PHASE_STRIP = NO;
				DEBUG_INFORMATION_FORMAT = "dwarf-with-dsym";
				ENABLE_NS_ASSERTIONS = NO;
				ENABLE_STRICT_OBJC_MSGSEND = YES;
				GCC_C_LANGUAGE_STANDARD = gnu11;
				GCC_NO_COMMON_BLOCKS = YES;
				GCC_WARN_64_TO_32_BIT_CONVERSION = YES;
				GCC_WARN_ABOUT_RETURN_TYPE = YES_ERROR;
				GCC_WARN_UNDECLARED_SELECTOR = YES;
				GCC_WARN_UNINITIALIZED_AUTOS = YES_AGGRESSIVE;
				GCC_WARN_UNUSED_FUNCTION = YES;
				GCC_WARN_UNUSED_VARIABLE = YES;
				IPHONEOS_DEPLOYMENT_TARGET = 15.0;
				MACOSX_DEPLOYMENT_TARGET = 12.0;
				MTL_ENABLE_DEBUG_INFO = NO;
				MTL_FAST_MATH = YES;
				PRODUCT_NAME = "$(TARGET_NAME)";
				SDKROOT = macosx;
				SWIFT_COMPILATION_MODE = wholemodule;
				SWIFT_OPTIMIZATION_LEVEL = "-O";
				SWIFT_VERSION = 6;
				TVOS_DEPLOYMENT_TARGET = 15.0;
				WATCHOS_DEPLOYMENT_TARGET = 8.0;
			};
			name = Release;
		};
		C9043C05564C022C07DA344B /* Release */ = {
			isa = XCBuildConfiguration;
			buildSettings = {
				CODE_SIGN_IDENTITY = "";
				COMBINE_HIDPI_IMAGES = YES;
				CURRENT_PROJECT_VERSION = 1;
				DEFINES_MODULE = YES;
				DYLIB_COMPATIBILITY_VERSION = 1;
				DYLIB_CURRENT_VERSION = 1;
				DYLIB_INSTALL_NAME_BASE = "@rpath";
				GENERATE_INFOPLIST_FILE = YES;
				INSTALL_PATH = "$(LOCAL_LIBRARY_DIR)/Frameworks";
				LD_RUNPATH_SEARCH_PATHS = (
					"$(inherited)",
					"@executable_path/../Frameworks",
				);
				PRODUCT_BUNDLE_IDENTIFIER = com.swiftcurrency.core;
				SDKROOT = macosx;
				SKIP_INSTALL = YES;
				SUPPORTED_PLATFORMS = "iphoneos iphonesimulator appletvos appletvsimulator watchos watchsimulator macosx xros xrsimulator";
				SUPPORTS_MACCATALYST = NO;
				SUPPORTS_MAC_DESIGNED_FOR_IPHONE_IPAD = NO;
				SUPPORTS_XR_DESIGNED_FOR_IPHONE_IPAD = YES;
				TARGETED_DEVICE_FAMILY = "1,2,3,4,7";
				VERSIONING_SYSTEM = "apple-generic";
			};
			name = Release;
		};
		D238DFE84F0CA427C7441E72 /* Debug */ = {
			isa = XCBuildConfiguration;
			buildSettings = {
				BUNDLE_LOADER = "$(TEST_HOST)";
				COMBINE_HIDPI_IMAGES = YES;
				GENERATE_INFOPLIST_FILE = YES;
				LD_RUNPATH_SEARCH_PATHS = (
					"$(inherited)",
					"@executable_path/../Frameworks",
					"@loader_path/../Frameworks",
				);
				PRODUCT_BUNDLE_IDENTIFIER = com.swiftcurrency.tests;
				SDKROOT = macosx;
				SUPPORTED_PLATFORMS = "iphoneos iphonesimulator appletvos appletvsimulator watchos watchsimulator macosx xros xrsimulator";
				SUPPORTS_MACCATALYST = NO;
				SUPPORTS_MAC_DESIGNED_FOR_IPHONE_IPAD = NO;
				SUPPORTS_XR_DESIGNED_FOR_IPHONE_IPAD = YES;
				TARGETED_DEVICE_FAMILY = "1,2,3,4,7";
			};
			name = Debug;
		};
/* End XCBuildConfiguration section */

/* Begin XCConfigurationList section */
		A41AB0CF6259E789E460F6D6 /* Build configuration list for PBXNativeTarget "SwiftCurrency" */ = {
			isa = XCConfigurationList;
			buildConfigurations = (
				3DCD30E94C39D1AAE238E602 /* Debug */,
				C9043C05564C022C07DA344B /* Release */,
			);
			defaultConfigurationIsVisible = 0;
			defaultConfigurationName = Debug;
		};
		B4919607B0E33F6D6502FD95 /* Build configuration list for PBXProject "SwiftCurrency" */ = {
			isa = XCConfigurationList;
			buildConfigurations = (
				21CE6D6D689DDDB8AC47F590 /* Debug */,
				7B8FE082FB96CFF13D58C8FC /* Release */,
			);
			defaultConfigurationIsVisible = 0;
			defaultConfigurationName = Debug;
		};
		C9833351F8AAC0A0801FC127 /* Build configuration list for PBXNativeTarget "SwiftCurrencyTests" */ = {
			isa = XCConfigurationList;
			buildConfigurations = (
				D238DFE84F0CA427C7441E72 /* Debug */,
				246CDE2A4A10D72419594B4E /* Release */,
			);
			defaultConfigurationIsVisible = 0;
			defaultConfigurationName = Debug;
		};
/* End XCConfigurationList section */
	};
	rootObject = 25EECF8D894267B4069A98DB /* Project object */;
}
